// !$*UTF8*$!
{
	archiveVersion = 1;
	classes = {
	};
	objectVersion = 46;
	objects = {

/* Begin PBXBuildFile section */
		615E51C01B5E852D00FEF0C4 /* AppDelegate.m in Sources */ = {isa = PBXBuildFile; fileRef = 615E51BF1B5E852D00FEF0C4 /* AppDelegate.m */; };
		615E51C21B5E852D00FEF0C4 /* main.m in Sources */ = {isa = PBXBuildFile; fileRef = 615E51C11B5E852D00FEF0C4 /* main.m */; };
		615E51C51B5E852D00FEF0C4 /* Document.m in Sources */ = {isa = PBXBuildFile; fileRef = 615E51C41B5E852D00FEF0C4 /* Document.m */; };
		615E51C81B5E852D00FEF0C4 /* Document.xib in Resources */ = {isa = PBXBuildFile; fileRef = 615E51C61B5E852D00FEF0C4 /* Document.xib */; };
		615E51CA1B5E852D00FEF0C4 /* Images.xcassets in Resources */ = {isa = PBXBuildFile; fileRef = 615E51C91B5E852D00FEF0C4 /* Images.xcassets */; };
		615E51CD1B5E852D00FEF0C4 /* MainMenu.xib in Resources */ = {isa = PBXBuildFile; fileRef = 615E51CB1B5E852D00FEF0C4 /* MainMenu.xib */; };
		615E51D91B5E852D00FEF0C4 /* ZIPspectorTests.m in Sources */ = {isa = PBXBuildFile; fileRef = 615E51D81B5E852D00FEF0C4 /* ZIPspectorTests.m */; };
/* End PBXBuildFile section */

/* Begin PBXContainerItemProxy section */
		615E51D31B5E852D00FEF0C4 /* PBXContainerItemProxy */ = {
			isa = PBXContainerItemProxy;
			containerPortal = 615E51B11B5E852D00FEF0C4 /* Project object */;
			proxyType = 1;
			remoteGlobalIDString = 615E51B81B5E852D00FEF0C4;
			remoteInfo = ZIPspector;
		};
/* End PBXContainerItemProxy section */

/* Begin PBXFileReference section */
		615E51B91B5E852D00FEF0C4 /* ZIPspector.app */ = {isa = PBXFileReference; explicitFileType = wrapper.application; includeInIndex = 0; path = ZIPspector.app; sourceTree = BUILT_PRODUCTS_DIR; };
		615E51BD1B5E852D00FEF0C4 /* Info.plist */ = {isa = PBXFileReference; lastKnownFileType = text.plist.xml; path = Info.plist; sourceTree = "<group>"; };
		615E51BE1B5E852D00FEF0C4 /* AppDelegate.h */ = {isa = PBXFileReference; lastKnownFileType = sourcecode.c.h; path = AppDelegate.h; sourceTree = "<group>"; };
		615E51BF1B5E852D00FEF0C4 /* AppDelegate.m */ = {isa = PBXFileReference; lastKnownFileType = sourcecode.c.objc; path = AppDelegate.m; sourceTree = "<group>"; };
		615E51C11B5E852D00FEF0C4 /* main.m */ = {isa = PBXFileReference; lastKnownFileType = sourcecode.c.objc; path = main.m; sourceTree = "<group>"; };
		615E51C31B5E852D00FEF0C4 /* Document.h */ = {isa = PBXFileReference; lastKnownFileType = sourcecode.c.h; path = Document.h; sourceTree = "<group>"; };
		615E51C41B5E852D00FEF0C4 /* Document.m */ = {isa = PBXFileReference; lastKnownFileType = sourcecode.c.objc; path = Document.m; sourceTree = "<group>"; };
		615E51C71B5E852D00FEF0C4 /* Base */ = {isa = PBXFileReference; lastKnownFileType = file.xib; name = Base; path = Base.lproj/Document.xib; sourceTree = "<group>"; };
		615E51C91B5E852D00FEF0C4 /* Images.xcassets */ = {isa = PBXFileReference; lastKnownFileType = folder.assetcatalog; path = Images.xcassets; sourceTree = "<group>"; };
		615E51CC1B5E852D00FEF0C4 /* Base */ = {isa = PBXFileReference; lastKnownFileType = file.xib; name = Base; path = Base.lproj/MainMenu.xib; sourceTree = "<group>"; };
		615E51D21B5E852D00FEF0C4 /* ZIPspectorTests.xctest */ = {isa = PBXFileReference; explicitFileType = wrapper.cfbundle; includeInIndex = 0; path = ZIPspectorTests.xctest; sourceTree = BUILT_PRODUCTS_DIR; };
		615E51D71B5E852D00FEF0C4 /* Info.plist */ = {isa = PBXFileReference; lastKnownFileType = text.plist.xml; path = Info.plist; sourceTree = "<group>"; };
		615E51D81B5E852D00FEF0C4 /* ZIPspectorTests.m */ = {isa = PBXFileReference; lastKnownFileType = sourcecode.c.objc; path = ZIPspectorTests.m; sourceTree = "<group>"; };
/* End PBXFileReference section */

/* Begin PBXFrameworksBuildPhase section */
		615E51B61B5E852D00FEF0C4 /* Frameworks */ = {
			isa = PBXFrameworksBuildPhase;
			buildActionMask = 2147483647;
			files = (
			);
			runOnlyForDeploymentPostprocessing = 0;
		};
		615E51CF1B5E852D00FEF0C4 /* Frameworks */ = {
			isa = PBXFrameworksBuildPhase;
			buildActionMask = 2147483647;
			files = (
			);
			runOnlyForDeploymentPostprocessing = 0;
		};
/* End PBXFrameworksBuildPhase section */

/* Begin PBXGroup section */
		615E51B01B5E852C00FEF0C4 = {
			isa = PBXGroup;
			children = (
				615E51BB1B5E852D00FEF0C4 /* ZIPspector */,
				615E51D51B5E852D00FEF0C4 /* ZIPspectorTests */,
				615E51BA1B5E852D00FEF0C4 /* Products */,
			);
			sourceTree = "<group>";
		};
		615E51BA1B5E852D00FEF0C4 /* Products */ = {
			isa = PBXGroup;
			children = (
				615E51B91B5E852D00FEF0C4 /* ZIPspector.app */,
				615E51D21B5E852D00FEF0C4 /* ZIPspectorTests.xctest */,
			);
			name = Products;
			sourceTree = "<group>";
		};
		615E51BB1B5E852D00FEF0C4 /* ZIPspector */ = {
			isa = PBXGroup;
			children = (
				615E51BE1B5E852D00FEF0C4 /* AppDelegate.h */,
				615E51BF1B5E852D00FEF0C4 /* AppDelegate.m */,
				615E51C31B5E852D00FEF0C4 /* Document.h */,
				615E51C41B5E852D00FEF0C4 /* Document.m */,
				615E51C61B5E852D00FEF0C4 /* Document.xib */,
				615E51C91B5E852D00FEF0C4 /* Images.xcassets */,
				615E51CB1B5E852D00FEF0C4 /* MainMenu.xib */,
				615E51BC1B5E852D00FEF0C4 /* Supporting Files */,
			);
			path = ZIPspector;
			sourceTree = "<group>";
		};
		615E51BC1B5E852D00FEF0C4 /* Supporting Files */ = {
			isa = PBXGroup;
			children = (
				615E51BD1B5E852D00FEF0C4 /* Info.plist */,
				615E51C11B5E852D00FEF0C4 /* main.m */,
			);
			name = "Supporting Files";
			sourceTree = "<group>";
		};
		615E51D51B5E852D00FEF0C4 /* ZIPspectorTests */ = {
			isa = PBXGroup;
			children = (
				615E51D81B5E852D00FEF0C4 /* ZIPspectorTests.m */,
				615E51D61B5E852D00FEF0C4 /* Supporting Files */,
			);
			path = ZIPspectorTests;
			sourceTree = "<group>";
		};
		615E51D61B5E852D00FEF0C4 /* Supporting Files */ = {
			isa = PBXGroup;
			children = (
				615E51D71B5E852D00FEF0C4 /* Info.plist */,
			);
			name = "Supporting Files";
			sourceTree = "<group>";
		};
/* End PBXGroup section */

/* Begin PBXNativeTarget section */
		615E51B81B5E852D00FEF0C4 /* ZIPspector */ = {
			isa = PBXNativeTarget;
			buildConfigurationList = 615E51DC1B5E852D00FEF0C4 /* Build configuration list for PBXNativeTarget "ZIPspector" */;
			buildPhases = (
				615E51B51B5E852D00FEF0C4 /* Sources */,
				615E51B61B5E852D00FEF0C4 /* Frameworks */,
				615E51B71B5E852D00FEF0C4 /* Resources */,
			);
			buildRules = (
			);
			dependencies = (
			);
			name = ZIPspector;
			productName = ZIPspector;
			productReference = 615E51B91B5E852D00FEF0C4 /* ZIPspector.app */;
			productType = "com.apple.product-type.application";
		};
		615E51D11B5E852D00FEF0C4 /* ZIPspectorTests */ = {
			isa = PBXNativeTarget;
			buildConfigurationList = 615E51DF1B5E852D00FEF0C4 /* Build configuration list for PBXNativeTarget "ZIPspectorTests" */;
			buildPhases = (
				615E51CE1B5E852D00FEF0C4 /* Sources */,
				615E51CF1B5E852D00FEF0C4 /* Frameworks */,
				615E51D01B5E852D00FEF0C4 /* Resources */,
			);
			buildRules = (
			);
			dependencies = (
				615E51D41B5E852D00FEF0C4 /* PBXTargetDependency */,
			);
			name = ZIPspectorTests;
			productName = ZIPspectorTests;
			productReference = 615E51D21B5E852D00FEF0C4 /* ZIPspectorTests.xctest */;
			productType = "com.apple.product-type.bundle.unit-test";
		};
/* End PBXNativeTarget section */

/* Begin PBXProject section */
		615E51B11B5E852D00FEF0C4 /* Project object */ = {
			isa = PBXProject;
			attributes = {
				LastUpgradeCheck = 0630;
				TargetAttributes = {
					615E51B81B5E852D00FEF0C4 = {
						CreatedOnToolsVersion = 6.3.2;
					};
					615E51D11B5E852D00FEF0C4 = {
						CreatedOnToolsVersion = 6.3.2;
						TestTargetID = 615E51B81B5E852D00FEF0C4;
					};
				};
			};
			buildConfigurationList = 615E51B41B5E852D00FEF0C4 /* Build configuration list for PBXProject "ZIPspector" */;
			compatibilityVersion = "Xcode 3.2";
			developmentRegion = English;
			hasScannedForEncodings = 0;
			knownRegions = (
				en,
				Base,
			);
			mainGroup = 615E51B01B5E852C00FEF0C4;
			productRefGroup = 615E51BA1B5E852D00FEF0C4 /* Products */;
			projectDirPath = "";
			projectRoot = "";
			targets = (
				615E51B81B5E852D00FEF0C4 /* ZIPspector */,
				615E51D11B5E852D00FEF0C4 /* ZIPspectorTests */,
			);
		};
/* End PBXProject section */

/* Begin PBXResourcesBuildPhase section */
		615E51B71B5E852D00FEF0C4 /* Resources */ = {
			isa = PBXResourcesBuildPhase;
			buildActionMask = 2147483647;
			files = (
				615E51C81B5E852D00FEF0C4 /* Document.xib in Resources */,
				615E51CA1B5E852D00FEF0C4 /* Images.xcassets in Resources */,
				615E51CD1B5E852D00FEF0C4 /* MainMenu.xib in Resources */,
			);
			runOnlyForDeploymentPostprocessing = 0;
		};
		615E51D01B5E852D00FEF0C4 /* Resources */ = {
			isa = PBXResourcesBuildPhase;
			buildActionMask = 2147483647;
			files = (
			);
			runOnlyForDeploymentPostprocessing = 0;
		};
/* End PBXResourcesBuildPhase section */

/* Begin PBXSourcesBuildPhase section */
		615E51B51B5E852D00FEF0C4 /* Sources */ = {
			isa = PBXSourcesBuildPhase;
			buildActionMask = 2147483647;
			files = (
				615E51C51B5E852D00FEF0C4 /* Document.m in Sources */,
				615E51C21B5E852D00FEF0C4 /* main.m in Sources */,
				615E51C01B5E852D00FEF0C4 /* AppDelegate.m in Sources */,
			);
			runOnlyForDeploymentPostprocessing = 0;
		};
		615E51CE1B5E852D00FEF0C4 /* Sources */ = {
			isa = PBXSourcesBuildPhase;
			buildActionMask = 2147483647;
			files = (
				615E51D91B5E852D00FEF0C4 /* ZIPspectorTests.m in Sources */,
			);
			runOnlyForDeploymentPostprocessing = 0;
		};
/* End PBXSourcesBuildPhase section */

/* Begin PBXTargetDependency section */
		615E51D41B5E852D00FEF0C4 /* PBXTargetDependency */ = {
			isa = PBXTargetDependency;
			target = 615E51B81B5E852D00FEF0C4 /* ZIPspector */;
			targetProxy = 615E51D31B5E852D00FEF0C4 /* PBXContainerItemProxy */;
		};
/* End PBXTargetDependency section */

/* Begin PBXVariantGroup section */
		615E51C61B5E852D00FEF0C4 /* Document.xib */ = {
			isa = PBXVariantGroup;
			children = (
				615E51C71B5E852D00FEF0C4 /* Base */,
			);
			name = Document.xib;
			sourceTree = "<group>";
		};
		615E51CB1B5E852D00FEF0C4 /* MainMenu.xib */ = {
			isa = PBXVariantGroup;
			children = (
				615E51CC1B5E852D00FEF0C4 /* Base */,
			);
			name = MainMenu.xib;
			sourceTree = "<group>";
		};
/* End PBXVariantGroup section */

/* Begin XCBuildConfiguration section */
		615E51DA1B5E852D00FEF0C4 /* Debug */ = {
			isa = XCBuildConfiguration;
			buildSettings = {
				ALWAYS_SEARCH_USER_PATHS = NO;
				CLANG_CXX_LANGUAGE_STANDARD = "gnu++0x";
				CLANG_CXX_LIBRARY = "libc++";
				CLANG_ENABLE_MODULES = YES;
				CLANG_ENABLE_OBJC_ARC = YES;
				CLANG_WARN_BOOL_CONVERSION = YES;
				CLANG_WARN_CONSTANT_CONVERSION = YES;
				CLANG_WARN_DIRECT_OBJC_ISA_USAGE = YES_ERROR;
				CLANG_WARN_EMPTY_BODY = YES;
				CLANG_WARN_ENUM_CONVERSION = YES;
				CLANG_WARN_INT_CONVERSION = YES;
				CLANG_WARN_OBJC_ROOT_CLASS = YES_ERROR;
				CLANG_WARN_UNREACHABLE_CODE = YES;
				CLANG_WARN__DUPLICATE_METHOD_MATCH = YES;
				CODE_SIGN_IDENTITY = "-";
				COPY_PHASE_STRIP = NO;
				DEBUG_INFORMATION_FORMAT = dwarf;
				ENABLE_STRICT_OBJC_MSGSEND = YES;
				GCC_C_LANGUAGE_STANDARD = gnu99;
				GCC_DYNAMIC_NO_PIC = NO;
				GCC_NO_COMMON_BLOCKS = YES;
				GCC_OPTIMIZATION_LEVEL = 0;
				GCC_PREPROCESSOR_DEFINITIONS = (
					"DEBUG=1",
					"$(inherited)",
				);
				GCC_SYMBOLS_PRIVATE_EXTERN = NO;
				GCC_WARN_64_TO_32_BIT_CONVERSION = YES;
				GCC_WARN_ABOUT_RETURN_TYPE = YES_ERROR;
				GCC_WARN_UNDECLARED_SELECTOR = YES;
				GCC_WARN_UNINITIALIZED_AUTOS = YES_AGGRESSIVE;
				GCC_WARN_UNUSED_FUNCTION = YES;
				GCC_WARN_UNUSED_VARIABLE = YES;
				MACOSX_DEPLOYMENT_TARGET = 10.10;
				MTL_ENABLE_DEBUG_INFO = YES;
				ONLY_ACTIVE_ARCH = YES;
				SDKROOT = macosx;
			};
			name = Debug;
		};
		615E51DB1B5E852D00FEF0C4 /* Release */ = {
			isa = XCBuildConfiguration;
			buildSettings = {
				ALWAYS_SEARCH_USER_PATHS = NO;
				CLANG_CXX_LANGUAGE_STANDARD = "gnu++0x";
				CLANG_CXX_LIBRARY = "libc++";
				CLANG_ENABLE_MODULES = YES;
				CLANG_ENABLE_OBJC_ARC = YES;
				CLANG_WARN_BOOL_CONVERSION = YES;
				CLANG_WARN_CONSTANT_CONVERSION = YES;
				CLANG_WARN_DIRECT_OBJC_ISA_USAGE = YES_ERROR;
				CLANG_WARN_EMPTY_BODY = YES;
				CLANG_WARN_ENUM_CONVERSION = YES;
				CLANG_WARN_INT_CONVERSION = YES;
				CLANG_WARN_OBJC_ROOT_CLASS = YES_ERROR;
				CLANG_WARN_UNREACHABLE_CODE = YES;
				CLANG_WARN__DUPLICATE_METHOD_MATCH = YES;
				CODE_SIGN_IDENTITY = "-";
				COPY_PHASE_STRIP = NO;
				DEBUG_INFORMATION_FORMAT = "dwarf-with-dsym";
				ENABLE_NS_ASSERTIONS = NO;
				ENABLE_STRICT_OBJC_MSGSEND = YES;
				GCC_C_LANGUAGE_STANDARD = gnu99;
				GCC_NO_COMMON_BLOCKS = YES;
				GCC_WARN_64_TO_32_BIT_CONVERSION = YES;
				GCC_WARN_ABOUT_RETURN_TYPE = YES_ERROR;
				GCC_WARN_UNDECLARED_SELECTOR = YES;
				GCC_WARN_UNINITIALIZED_AUTOS = YES_AGGRESSIVE;
				GCC_WARN_UNUSED_FUNCTION = YES;
				GCC_WARN_UNUSED_VARIABLE = YES;
				MACOSX_DEPLOYMENT_TARGET = 10.10;
				MTL_ENABLE_DEBUG_INFO = NO;
				SDKROOT = macosx;
			};
			name = Release;
		};
		615E51DD1B5E852D00FEF0C4 /* Debug */ = {
			isa = XCBuildConfiguration;
			buildSettings = {
				ASSETCATALOG_COMPILER_APPICON_NAME = AppIcon;
				COMBINE_HIDPI_IMAGES = YES;
				INFOPLIST_FILE = ZIPspector/Info.plist;
				LD_RUNPATH_SEARCH_PATHS = "$(inherited) @executable_path/../Frameworks";
				PRODUCT_NAME = "$(TARGET_NAME)";
			};
			name = Debug;
		};
		615E51DE1B5E852D00FEF0C4 /* Release */ = {
			isa = XCBuildConfiguration;
			buildSettings = {
				ASSETCATALOG_COMPILER_APPICON_NAME = AppIcon;
				COMBINE_HIDPI_IMAGES = YES;
				INFOPLIST_FILE = ZIPspector/Info.plist;
				LD_RUNPATH_SEARCH_PATHS = "$(inherited) @executable_path/../Frameworks";
				PRODUCT_NAME = "$(TARGET_NAME)";
			};
			name = Release;
		};
		615E51E01B5E852D00FEF0C4 /* Debug */ = {
			isa = XCBuildConfiguration;
			buildSettings = {
				BUNDLE_LOADER = "$(TEST_HOST)";
				COMBINE_HIDPI_IMAGES = YES;
				FRAMEWORK_SEARCH_PATHS = (
					"$(DEVELOPER_FRAMEWORKS_DIR)",
					"$(inherited)",
				);
				GCC_PREPROCESSOR_DEFINITIONS = (
					"DEBUG=1",
					"$(inherited)",
				);
				INFOPLIST_FILE = ZIPspectorTests/Info.plist;
				LD_RUNPATH_SEARCH_PATHS = "$(inherited) @executable_path/../Frameworks @loader_path/../Frameworks";
				PRODUCT_NAME = "$(TARGET_NAME)";
				TEST_HOST = "$(BUILT_PRODUCTS_DIR)/ZIPspector.app/Contents/MacOS/ZIPspector";
			};
			name = Debug;
		};
		615E51E11B5E852D00FEF0C4 /* Release */ = {
			isa = XCBuildConfiguration;
			buildSettings = {
				BUNDLE_LOADER = "$(TEST_HOST)";
				COMBINE_HIDPI_IMAGES = YES;
				FRAMEWORK_SEARCH_PATHS = (
					"$(DEVELOPER_FRAMEWORKS_DIR)",
					"$(inherited)",
				);
				INFOPLIST_FILE = ZIPspectorTests/Info.plist;
				LD_RUNPATH_SEARCH_PATHS = "$(inherited) @executable_path/../Frameworks @loader_path/../Frameworks";
				PRODUCT_NAME = "$(TARGET_NAME)";
				TEST_HOST = "$(BUILT_PRODUCTS_DIR)/ZIPspector.app/Contents/MacOS/ZIPspector";
			};
			name = Release;
		};
/* End XCBuildConfiguration section */

/* Begin XCConfigurationList section */
		615E51B41B5E852D00FEF0C4 /* Build configuration list for PBXProject "ZIPspector" */ = {
			isa = XCConfigurationList;
			buildConfigurations = (
				615E51DA1B5E852D00FEF0C4 /* Debug */,
				615E51DB1B5E852D00FEF0C4 /* Release */,
			);
			defaultConfigurationIsVisible = 0;
			defaultConfigurationName = Release;
		};
		615E51DC1B5E852D00FEF0C4 /* Build configuration list for PBXNativeTarget "ZIPspector" */ = {
			isa = XCConfigurationList;
			buildConfigurations = (
				615E51DD1B5E852D00FEF0C4 /* Debug */,
				615E51DE1B5E852D00FEF0C4 /* Release */,
			);
			defaultConfigurationIsVisible = 0;
		};
		615E51DF1B5E852D00FEF0C4 /* Build configuration list for PBXNativeTarget "ZIPspectorTests" */ = {
			isa = XCConfigurationList;
			buildConfigurations = (
				615E51E01B5E852D00FEF0C4 /* Debug */,
				615E51E11B5E852D00FEF0C4 /* Release */,
			);
			defaultConfigurationIsVisible = 0;
		};
/* End XCConfigurationList section */
	};
	rootObject = 615E51B11B5E852D00FEF0C4 /* Project object */;
}
